
Microsoft Visual Studio Solution File, Format Version 12.00
# Visual Studio Version 17
VisualStudioVersion = 17.10.35027.167
MinimumVisualStudioVersion = 10.0.40219.1
Project("{FAE04EC0-301F-11D3-BF4B-00C04F79EFBC}") = "WpfExample", "WpfExample\WpfExample.csproj", "{63049C85-6D62-4D2A-B6B7-03C91A562B1E}"
EndProject
Global
	GlobalSection(SolutionConfigurationPlatforms) = preSolution
		Debug|Any CPU = Debug|Any CPU
		Release|Any CPU = Release|Any CPU
	EndGlobalSection
	GlobalSection(ProjectConfigurationPlatforms) = postSolution
		{63049C85-6D62-4D2A-B6B7-03C91A562B1E}.Debug|Any CPU.ActiveCfg = Debug|Any CPU
		{63049C85-6D62-4D2A-B6B7-03C91A562B1E}.Debug|Any CPU.Build.0 = Debug|Any CPU
		{63049C85-6D62-4D2A-B6B7-03C91A562B1E}.Release|Any CPU.ActiveCfg = Release|Any CPU
		{63049C85-6D62-4D2A-B6B7-03C91A562B1E}.Release|Any CPU.Build.0 = Release|Any CPU
	EndGlobalSection
	GlobalSection(SolutionProperties) = preSolution
		HideSolutionNode = FALSE
	EndGlobalSection
	GlobalSection(ExtensibilityGlobals) = postSolution
		SolutionGuid = {2BE37775-924D-4FAD-AF0A-F34BDC0E2364}
	EndGlobalSection
EndGlobal
